<?xml version="1.0" encoding="utf-8"?>
<Project ToolsVersion="4.0" xmlns="http://schemas.microsoft.com/developer/msbuild/2003">
  <ItemGroup>
    <Filter Include="Source Files">
      <UniqueIdentifier>{4FC737F1-C7A5-4376-A066-2A32D752A2FF}</UniqueIdentifier>
      <Extensions>qml;cpp;c;cc;cxx;def;odl;idl;hpj;bat;asm;asmx</Extensions>
    </Filter>
    <Filter Include="Header Files">
      <UniqueIdentifier>{93995380-89BD-4b04-88EB-625FBE52EBFB}</UniqueIdentifier>
      <Extensions>h;hh;hpp;hxx;hm;inl;inc;xsd</Extensions>
    </Filter>
    <Filter Include="Resource Files">
      <UniqueIdentifier>{67DA6AB6-F800-4c08-8B7A-83BB121AAD01}</UniqueIdentifier>
      <Extensions>qrc;rc;ico;cur;bmp;dlg;rc2;rct;bin;rgs;gif;jpg;jpeg;jpe;resx;tiff;tif;png;wav;mfcribbon-ms</Extensions>
    </Filter>
    <Filter Include="Form Files">
      <UniqueIdentifier>{99349809-55BA-4b9d-BF79-8FDBB0286EB3}</UniqueIdentifier>
      <Extensions>ui</Extensions>
    </Filter>
    <Filter Include="Translation Files">
      <UniqueIdentifier>{639EADAA-A684-42e4-A9AD-28FC9BCB8F7C}</UniqueIdentifier>
      <Extensions>ts</Extensions>
    </Filter>
  </ItemGroup>
  <ItemGroup>
    <QtRcc Include="MOONIGHT_Qt.qrc">
      <Filter>Resource Files</Filter>
    </QtRcc>
    <QtMoc Include="MOONIGHT_Qt.h">
      <Filter>Header Files</Filter>
    </QtMoc>
    <ClCompile Include="MOONIGHT_Qt.cpp">
      <Filter>Source Files</Filter>
    </ClCompile>
  </ItemGroup>
  <ItemGroup>
    <ClCompile Include="main.cpp">
      <Filter>Source Files</Filter>
    </ClCompile>
    <ClCompile Include="MCheckDot.cpp">
      <Filter>Source Files</Filter>
    </ClCompile>
    <ClCompile Include="MCheckDotLine.cpp">
      <Filter>Source Files</Filter>
    </ClCompile>
    <ClCompile Include="MNote.cpp">
      <Filter>Source Files</Filter>
    </ClCompile>
    <ClCompile Include="MCenter.cpp">
      <Filter>Source Files</Filter>
    </ClCompile>
    <ClCompile Include="InfinityHeaven.cpp">
      <Filter>Source Files</Filter>
    </ClCompile>
    <ClCompile Include="MFormerCalculator.cpp">
      <Filter>Source Files</Filter>
    </ClCompile>
    <ClCompile Include="MWidget.cpp">
      <Filter>Source Files</Filter>
    </ClCompile>
    <ClCompile Include="MMainWindow.cpp">
      <Filter>Source Files</Filter>
    </ClCompile>
    <ClCompile Include="MCell.cpp">
      <Filter>Source Files</Filter>
    </ClCompile>
    <ClCompile Include="MOONIGHT_Player.cpp">
      <Filter>Source Files</Filter>
    </ClCompile>
  </ItemGroup>
  <ItemGroup>
    <QtMoc Include="MWidget.h">
      <Filter>Header Files</Filter>
    </QtMoc>
    <QtMoc Include="MCheckDot.h">
      <Filter>Header Files</Filter>
    </QtMoc>
    <QtMoc Include="InfinityHeaven.h">
      <Filter>Header Files</Filter>
    </QtMoc>
    <QtMoc Include="MNote.h">
      <Filter>Header Files</Filter>
    </QtMoc>
    <QtMoc Include="MFormerCalculator.h">
      <Filter>Header Files</Filter>
    </QtMoc>
    <QtMoc Include="MMainWindow.h">
      <Filter>Header Files</Filter>
    </QtMoc>
    <QtMoc Include="MCell.h">
      <Filter>Header Files</Filter>
    </QtMoc>
  </ItemGroup>
  <ItemGroup>
    <ClInclude Include="MCenter.h">
      <Filter>Header Files</Filter>
    </ClInclude>
    <ClInclude Include="MPivot.h">
      <Filter>Header Files</Filter>
    </ClInclude>
    <ClInclude Include="ui_MOONIGHT_Qt.h">
      <Filter>Header Files</Filter>
    </ClInclude>
    <ClInclude Include="resource.h">
      <Filter>Header Files</Filter>
    </ClInclude>
    <ClInclude Include="MCheckDotLine.h">
      <Filter>Header Files</Filter>
    </ClInclude>
    <ClInclude Include="MOONIGHT_Songs%27List.h">
      <Filter>Header Files</Filter>
    </ClInclude>
    <ClInclude Include="MOONIGHT_Player.h">
      <Filter>Header Files</Filter>
    </ClInclude>
  </ItemGroup>
  <ItemGroup>
    <ResourceCompile Include="MOONIGHT_Qt.rc">
      <Filter>Resource Files</Filter>
    </ResourceCompile>
  </ItemGroup>
</Project>